
Microsoft Visual Studio Solution File, Format Version 12.00
# Visual Studio Version 17
VisualStudioVersion = 17.5.33516.290
MinimumVisualStudioVersion = 10.0.40219.1
Project("{9A19103F-16F7-4668-BE54-9A1E7A4F7556}") = "Librarian.WebAPI", "Librarian.WebAPI\Librarian.WebAPI.csproj", "{D6070151-2EEF-4F93-8574-85788783B4BF}"
EndProject
Project("{FAE04EC0-301F-11D3-BF4B-00C04F79EFBC}") = "Librarian.Application", "LibrarianApplication\Librarian.Application.csproj", "{24EA2EE5-2C4A-4E1D-B541-C88330659D2F}"
EndProject
Project("{FAE04EC0-301F-11D3-BF4B-00C04F79EFBC}") = "Librarian.Infrastructure", "Librarian.Infra\Librarian.Infrastructure.csproj", "{B1840084-8063-4612-9FA5-0554A4A10F52}"
EndProject
Project("{FAE04EC0-301F-11D3-BF4B-00C04F79EFBC}") = "Librarian.Domain", "LibrarianDomain\Librarian.Domain.csproj", "{B201F244-DF2B-43D9-9611-2652AD86104E}"
EndProject
Global
	GlobalSection(SolutionConfigurationPlatforms) = preSolution
		Debug|Any CPU = Debug|Any CPU
		Release|Any CPU = Release|Any CPU
	EndGlobalSection
	GlobalSection(ProjectConfigurationPlatforms) = postSolution
		{D6070151-2EEF-4F93-8574-85788783B4BF}.Debug|Any CPU.ActiveCfg = Debug|Any CPU
		{D6070151-2EEF-4F93-8574-85788783B4BF}.Debug|Any CPU.Build.0 = Debug|Any CPU
		{D6070151-2EEF-4F93-8574-85788783B4BF}.Release|Any CPU.ActiveCfg = Release|Any CPU
		{D6070151-2EEF-4F93-8574-85788783B4BF}.Release|Any CPU.Build.0 = Release|Any CPU
		{24EA2EE5-2C4A-4E1D-B541-C88330659D2F}.Debug|Any CPU.ActiveCfg = Debug|Any CPU
		{24EA2EE5-2C4A-4E1D-B541-C88330659D2F}.Debug|Any CPU.Build.0 = Debug|Any CPU
		{24EA2EE5-2C4A-4E1D-B541-C88330659D2F}.Release|Any CPU.ActiveCfg = Release|Any CPU
		{24EA2EE5-2C4A-4E1D-B541-C88330659D2F}.Release|Any CPU.Build.0 = Release|Any CPU
		{B1840084-8063-4612-9FA5-0554A4A10F52}.Debug|Any CPU.ActiveCfg = Debug|Any CPU
		{B1840084-8063-4612-9FA5-0554A4A10F52}.Debug|Any CPU.Build.0 = Debug|Any CPU
		{B1840084-8063-4612-9FA5-0554A4A10F52}.Release|Any CPU.ActiveCfg = Release|Any CPU
		{B1840084-8063-4612-9FA5-0554A4A10F52}.Release|Any CPU.Build.0 = Release|Any CPU
		{B201F244-DF2B-43D9-9611-2652AD86104E}.Debug|Any CPU.ActiveCfg = Debug|Any CPU
		{B201F244-DF2B-43D9-9611-2652AD86104E}.Debug|Any CPU.Build.0 = Debug|Any CPU
		{B201F244-DF2B-43D9-9611-2652AD86104E}.Release|Any CPU.ActiveCfg = Release|Any CPU
		{B201F244-DF2B-43D9-9611-2652AD86104E}.Release|Any CPU.Build.0 = Release|Any CPU
	EndGlobalSection
	GlobalSection(SolutionProperties) = preSolution
		HideSolutionNode = FALSE
	EndGlobalSection
	GlobalSection(ExtensibilityGlobals) = postSolution
		SolutionGuid = {39E341F6-6203-4361-B904-8903EAA78996}
	EndGlobalSection
EndGlobal
